
Microsoft Visual Studio Solution File, Format Version 12.00
# Visual Studio Version 16
VisualStudioVersion = 16.0.29519.87
MinimumVisualStudioVersion = 10.0.40219.1
Project("{FAE04EC0-301F-11D3-BF4B-00C04F79EFBC}") = "system_hardware_store", "system_hardware_store\system_hardware_store.csproj", "{BC3C4D08-48F0-4997-91A9-5B6BC6C3D94F}"
EndProject
Project("{FAE04EC0-301F-11D3-BF4B-00C04F79EFBC}") = "Datos", "Datos\Datos.csproj", "{6C1B7FC9-445A-4DEE-A7AD-C34F63FC1E89}"
EndProject
Project("{FAE04EC0-301F-11D3-BF4B-00C04F79EFBC}") = "CapasDatos2", "CapasDatos2\CapasDatos2.csproj", "{711E3F4B-FC74-41A1-B610-B8B55E2100B6}"
EndProject
Global
	GlobalSection(SolutionConfigurationPlatforms) = preSolution
		Debug|Any CPU = Debug|Any CPU
		Release|Any CPU = Release|Any CPU
	EndGlobalSection
	GlobalSection(ProjectConfigurationPlatforms) = postSolution
		{BC3C4D08-48F0-4997-91A9-5B6BC6C3D94F}.Debug|Any CPU.ActiveCfg = Debug|Any CPU
		{BC3C4D08-48F0-4997-91A9-5B6BC6C3D94F}.Debug|Any CPU.Build.0 = Debug|Any CPU
		{BC3C4D08-48F0-4997-91A9-5B6BC6C3D94F}.Release|Any CPU.ActiveCfg = Release|Any CPU
		{BC3C4D08-48F0-4997-91A9-5B6BC6C3D94F}.Release|Any CPU.Build.0 = Release|Any CPU
		{6C1B7FC9-445A-4DEE-A7AD-C34F63FC1E89}.Debug|Any CPU.ActiveCfg = Debug|Any CPU
		{6C1B7FC9-445A-4DEE-A7AD-C34F63FC1E89}.Debug|Any CPU.Build.0 = Debug|Any CPU
		{6C1B7FC9-445A-4DEE-A7AD-C34F63FC1E89}.Release|Any CPU.ActiveCfg = Release|Any CPU
		{6C1B7FC9-445A-4DEE-A7AD-C34F63FC1E89}.Release|Any CPU.Build.0 = Release|Any CPU
		{711E3F4B-FC74-41A1-B610-B8B55E2100B6}.Debug|Any CPU.ActiveCfg = Debug|Any CPU
		{711E3F4B-FC74-41A1-B610-B8B55E2100B6}.Debug|Any CPU.Build.0 = Debug|Any CPU
		{711E3F4B-FC74-41A1-B610-B8B55E2100B6}.Release|Any CPU.ActiveCfg = Release|Any CPU
		{711E3F4B-FC74-41A1-B610-B8B55E2100B6}.Release|Any CPU.Build.0 = Release|Any CPU
	EndGlobalSection
	GlobalSection(SolutionProperties) = preSolution
		HideSolutionNode = FALSE
	EndGlobalSection
	GlobalSection(ExtensibilityGlobals) = postSolution
		SolutionGuid = {1B2FD4E8-72F1-477C-BB0E-80D9E0850C92}
	EndGlobalSection
EndGlobal
